
Microsoft Visual Studio Solution File, Format Version 12.00
# Visual Studio Version 17
VisualStudioVersion = 17.11.35208.52
MinimumVisualStudioVersion = 10.0.40219.1
Project("{FAE04EC0-301F-11D3-BF4B-00C04F79EFBC}") = "CompanyName.LoanApplication_Dapper", "CompanyName.LoanApplication_Dapper\CompanyName.LoanApplication_Dapper.csproj", "{0EC3DE30-38C6-40A7-BE9E-CB4187A9985B}"
EndProject
Global
	GlobalSection(SolutionConfigurationPlatforms) = preSolution
		Debug|Any CPU = Debug|Any CPU
		Release|Any CPU = Release|Any CPU
	EndGlobalSection
	GlobalSection(ProjectConfigurationPlatforms) = postSolution
		{0EC3DE30-38C6-40A7-BE9E-CB4187A9985B}.Debug|Any CPU.ActiveCfg = Debug|Any CPU
		{0EC3DE30-38C6-40A7-BE9E-CB4187A9985B}.Debug|Any CPU.Build.0 = Debug|Any CPU
		{0EC3DE30-38C6-40A7-BE9E-CB4187A9985B}.Release|Any CPU.ActiveCfg = Release|Any CPU
		{0EC3DE30-38C6-40A7-BE9E-CB4187A9985B}.Release|Any CPU.Build.0 = Release|Any CPU
	EndGlobalSection
	GlobalSection(SolutionProperties) = preSolution
		HideSolutionNode = FALSE
	EndGlobalSection
	GlobalSection(ExtensibilityGlobals) = postSolution
		SolutionGuid = {3CF16777-7476-4AC4-ACE0-AE9A018FA6BD}
	EndGlobalSection
EndGlobal
